<?xml version="1.0" encoding="utf-8"?>
<Project ToolsVersion="17.0" xmlns="http://schemas.microsoft.com/developer/msbuild/2003">
  <ItemGroup>
    <CustomBuild Include="C:\Users\nikme\source\repos\GameBuilder2d\build-vs-2022-x64\CMakeFiles\543764bef34d8fde05b7fcc21a09543c\generate.stamp.rule">
      <Filter>CMake Rules</Filter>
    </CustomBuild>
  </ItemGroup>
  <ItemGroup>
    <Filter Include="CMake Rules">
      <UniqueIdentifier>{21A78AD7-C3AB-38D5-9B86-D41F80D09C7F}</UniqueIdentifier>
    </Filter>
  </ItemGroup>
</Project>
