<?xml version="1.0" encoding="utf-8"?>
<Project ToolsVersion="17.0" xmlns="http://schemas.microsoft.com/developer/msbuild/2003">
  <ItemGroup>
    <ClCompile Include="C:\Users\nikme\source\repos\GameBuilder2d\GameBuilder2d\GameBuilder2d.cpp">
      <Filter>Source Files</Filter>
    </ClCompile>
  </ItemGroup>
  <ItemGroup>
    <ClInclude Include="C:\Users\nikme\source\repos\GameBuilder2d\GameBuilder2d\GameBuilder2d.h">
      <Filter>Header Files</Filter>
    </ClInclude>
  </ItemGroup>
  <ItemGroup>
    <CustomBuild Include="C:\Users\nikme\source\repos\GameBuilder2d\GameBuilder2d\CMakeLists.txt" />
  </ItemGroup>
  <ItemGroup>
    <Filter Include="Header Files">
      <UniqueIdentifier>{F0EF463C-412A-3CEE-8574-3F9D3FB759BC}</UniqueIdentifier>
    </Filter>
    <Filter Include="Source Files">
      <UniqueIdentifier>{2A70CA73-BE0C-39B1-B848-BBB6D77EDA8B}</UniqueIdentifier>
    </Filter>
  </ItemGroup>
</Project>
